
Microsoft Visual Studio Solution File, Format Version 12.00
# Visual Studio Version 16
VisualStudioVersion = 16.0.30517.126
MinimumVisualStudioVersion = 10.0.40219.1
Project("{FAE04EC0-301F-11D3-BF4B-00C04F79EFBC}") = "MathLib", "MathLib\MathLib.csproj", "{E149D7E2-44EC-48CD-AB09-F765813BB463}"
EndProject
Project("{FAE04EC0-301F-11D3-BF4B-00C04F79EFBC}") = "MathHost", "MathHost\MathHost.csproj", "{4B034763-550D-4020-9BB1-F4E355D53BA6}"
EndProject
Project("{FAE04EC0-301F-11D3-BF4B-00C04F79EFBC}") = "MathClient", "MathClient\MathClient.csproj", "{FAC9B94E-EFC9-4388-98FE-DDB47A48C113}"
	ProjectSection(ProjectDependencies) = postProject
		{E149D7E2-44EC-48CD-AB09-F765813BB463} = {E149D7E2-44EC-48CD-AB09-F765813BB463}
	EndProjectSection
EndProject
Global
	GlobalSection(SolutionConfigurationPlatforms) = preSolution
		Debug|Any CPU = Debug|Any CPU
		Release|Any CPU = Release|Any CPU
	EndGlobalSection
	GlobalSection(ProjectConfigurationPlatforms) = postSolution
		{E149D7E2-44EC-48CD-AB09-F765813BB463}.Debug|Any CPU.ActiveCfg = Debug|Any CPU
		{E149D7E2-44EC-48CD-AB09-F765813BB463}.Debug|Any CPU.Build.0 = Debug|Any CPU
		{E149D7E2-44EC-48CD-AB09-F765813BB463}.Release|Any CPU.ActiveCfg = Release|Any CPU
		{E149D7E2-44EC-48CD-AB09-F765813BB463}.Release|Any CPU.Build.0 = Release|Any CPU
		{4B034763-550D-4020-9BB1-F4E355D53BA6}.Debug|Any CPU.ActiveCfg = Debug|Any CPU
		{4B034763-550D-4020-9BB1-F4E355D53BA6}.Debug|Any CPU.Build.0 = Debug|Any CPU
		{4B034763-550D-4020-9BB1-F4E355D53BA6}.Release|Any CPU.ActiveCfg = Release|Any CPU
		{4B034763-550D-4020-9BB1-F4E355D53BA6}.Release|Any CPU.Build.0 = Release|Any CPU
		{FAC9B94E-EFC9-4388-98FE-DDB47A48C113}.Debug|Any CPU.ActiveCfg = Debug|Any CPU
		{FAC9B94E-EFC9-4388-98FE-DDB47A48C113}.Debug|Any CPU.Build.0 = Debug|Any CPU
		{FAC9B94E-EFC9-4388-98FE-DDB47A48C113}.Release|Any CPU.ActiveCfg = Release|Any CPU
		{FAC9B94E-EFC9-4388-98FE-DDB47A48C113}.Release|Any CPU.Build.0 = Release|Any CPU
	EndGlobalSection
	GlobalSection(SolutionProperties) = preSolution
		HideSolutionNode = FALSE
	EndGlobalSection
	GlobalSection(ExtensibilityGlobals) = postSolution
		SolutionGuid = {94C0317E-BA4E-407C-9C51-806A22F8BF08}
	EndGlobalSection
EndGlobal
